
Microsoft Visual Studio Solution File, Format Version 12.00
# Visual Studio Version 16
VisualStudioVersion = 16.0.29905.134
MinimumVisualStudioVersion = 10.0.40219.1
Project("{FAE04EC0-301F-11D3-BF4B-00C04F79EFBC}") = "AmadeusDesktopUI", "AmadeusDesktopUI\AmadeusDesktopUI.csproj", "{D553E534-A440-4025-9250-D1ABECF03BD8}"
EndProject
Global
	GlobalSection(SolutionConfigurationPlatforms) = preSolution
		Debug|Any CPU = Debug|Any CPU
		Release|Any CPU = Release|Any CPU
	EndGlobalSection
	GlobalSection(ProjectConfigurationPlatforms) = postSolution
		{D553E534-A440-4025-9250-D1ABECF03BD8}.Debug|Any CPU.ActiveCfg = Debug|Any CPU
		{D553E534-A440-4025-9250-D1ABECF03BD8}.Debug|Any CPU.Build.0 = Debug|Any CPU
		{D553E534-A440-4025-9250-D1ABECF03BD8}.Release|Any CPU.ActiveCfg = Release|Any CPU
		{D553E534-A440-4025-9250-D1ABECF03BD8}.Release|Any CPU.Build.0 = Release|Any CPU
	EndGlobalSection
	GlobalSection(SolutionProperties) = preSolution
		HideSolutionNode = FALSE
	EndGlobalSection
	GlobalSection(ExtensibilityGlobals) = postSolution
		SolutionGuid = {8CD3E966-3929-468E-A00D-D7AECB4FBC7D}
	EndGlobalSection
EndGlobal
